# THIS IS AN AUTOGENERATED FILE. DO NOT EDIT THIS FILE DIRECTLY.
# yarn lockfile v1


"@types/node@^8.5.1":
  version "8.5.1"
  resolved "https://registry.yarnpkg.com/@types/node/-/node-8.5.1.tgz#4ec3020bcdfe2abffeef9ba3fbf26fca097514b5"

typescript@^2.6.2:
  version "2.6.2"
  resolved "https://registry.yarnpkg.com/typescript/-/typescript-2.6.2.tgz#3c5b6fd7f6de0914269027f03c0946758f7673a4"
